
Microsoft Visual Studio Solution File, Format Version 12.00
# Visual Studio Version 17
VisualStudioVersion = 17.11.35303.130
MinimumVisualStudioVersion = 10.0.40219.1
Project("{8BC9CEB8-8B4A-11D0-8D11-00A0C91BC942}") = "TimeTracker", "TimeTracker.vcxproj", "{052EE97F-C671-4A04-A751-7A19F202C468}"
EndProject
Global
	GlobalSection(SolutionConfigurationPlatforms) = preSolution
		Debug|x64 = Debug|x64
		Debug|x86 = Debug|x86
		Release|x64 = Release|x64
		Release|x86 = Release|x86
	EndGlobalSection
	GlobalSection(ProjectConfigurationPlatforms) = postSolution
		{052EE97F-C671-4A04-A751-7A19F202C468}.Debug|x64.ActiveCfg = Debug|x64
		{052EE97F-C671-4A04-A751-7A19F202C468}.Debug|x64.Build.0 = Debug|x64
		{052EE97F-C671-4A04-A751-7A19F202C468}.Debug|x86.ActiveCfg = Debug|Win32
		{052EE97F-C671-4A04-A751-7A19F202C468}.Debug|x86.Build.0 = Debug|Win32
		{052EE97F-C671-4A04-A751-7A19F202C468}.Release|x64.ActiveCfg = Release|x64
		{052EE97F-C671-4A04-A751-7A19F202C468}.Release|x64.Build.0 = Release|x64
		{052EE97F-C671-4A04-A751-7A19F202C468}.Release|x86.ActiveCfg = Release|Win32
		{052EE97F-C671-4A04-A751-7A19F202C468}.Release|x86.Build.0 = Release|Win32
	EndGlobalSection
	GlobalSection(SolutionProperties) = preSolution
		HideSolutionNode = FALSE
	EndGlobalSection
	GlobalSection(ExtensibilityGlobals) = postSolution
		SolutionGuid = {D1B385DC-4E44-419E-A845-7CA781FDC719}
	EndGlobalSection
EndGlobal
